
Microsoft Visual Studio Solution File, Format Version 12.00
# Visual Studio Version 16
VisualStudioVersion = 16.0.29215.179
MinimumVisualStudioVersion = 10.0.40219.1
Project("{FAE04EC0-301F-11D3-BF4B-00C04F79EFBC}") = "imgProc1", "imgProc1\imgProc1.csproj", "{676A138D-8667-4045-B663-86D62B3C9D58}"
EndProject
Global
	GlobalSection(SolutionConfigurationPlatforms) = preSolution
		Debug|Any CPU = Debug|Any CPU
		Release|Any CPU = Release|Any CPU
	EndGlobalSection
	GlobalSection(ProjectConfigurationPlatforms) = postSolution
		{676A138D-8667-4045-B663-86D62B3C9D58}.Debug|Any CPU.ActiveCfg = Debug|Any CPU
		{676A138D-8667-4045-B663-86D62B3C9D58}.Debug|Any CPU.Build.0 = Debug|Any CPU
		{676A138D-8667-4045-B663-86D62B3C9D58}.Release|Any CPU.ActiveCfg = Release|Any CPU
		{676A138D-8667-4045-B663-86D62B3C9D58}.Release|Any CPU.Build.0 = Release|Any CPU
	EndGlobalSection
	GlobalSection(SolutionProperties) = preSolution
		HideSolutionNode = FALSE
	EndGlobalSection
	GlobalSection(ExtensibilityGlobals) = postSolution
		SolutionGuid = {F55BF6EC-0E66-4B1B-B2C6-92335E06166F}
	EndGlobalSection
EndGlobal
